
Microsoft Visual Studio Solution File, Format Version 12.00
# Visual Studio Version 17
VisualStudioVersion = 17.4.33213.308
MinimumVisualStudioVersion = 10.0.40219.1
Project("{9A19103F-16F7-4668-BE54-9A1E7A4F7556}") = "LachaGarden", "LachaGarden\LachaGarden.csproj", "{C7C62C1B-47BC-44FA-AC87-D14F496D1E81}"
EndProject
Project("{9A19103F-16F7-4668-BE54-9A1E7A4F7556}") = "BussinessLayer", "BussinessLayer\BussinessLayer.csproj", "{B834335E-3867-4AF0-A169-1915DFB923AE}"
EndProject
Project("{FAE04EC0-301F-11D3-BF4B-00C04F79EFBC}") = "DataAccessLayer", "DataAccessLayer\DataAccessLayer.csproj", "{DB6B268E-2E82-4182-9381-62EDACCA8AD3}"
EndProject
Global
	GlobalSection(SolutionConfigurationPlatforms) = preSolution
		Debug|Any CPU = Debug|Any CPU
		Release|Any CPU = Release|Any CPU
	EndGlobalSection
	GlobalSection(ProjectConfigurationPlatforms) = postSolution
		{C7C62C1B-47BC-44FA-AC87-D14F496D1E81}.Debug|Any CPU.ActiveCfg = Debug|Any CPU
		{C7C62C1B-47BC-44FA-AC87-D14F496D1E81}.Debug|Any CPU.Build.0 = Debug|Any CPU
		{C7C62C1B-47BC-44FA-AC87-D14F496D1E81}.Release|Any CPU.ActiveCfg = Release|Any CPU
		{C7C62C1B-47BC-44FA-AC87-D14F496D1E81}.Release|Any CPU.Build.0 = Release|Any CPU
		{B834335E-3867-4AF0-A169-1915DFB923AE}.Debug|Any CPU.ActiveCfg = Debug|Any CPU
		{B834335E-3867-4AF0-A169-1915DFB923AE}.Debug|Any CPU.Build.0 = Debug|Any CPU
		{B834335E-3867-4AF0-A169-1915DFB923AE}.Release|Any CPU.ActiveCfg = Release|Any CPU
		{B834335E-3867-4AF0-A169-1915DFB923AE}.Release|Any CPU.Build.0 = Release|Any CPU
		{DB6B268E-2E82-4182-9381-62EDACCA8AD3}.Debug|Any CPU.ActiveCfg = Debug|Any CPU
		{DB6B268E-2E82-4182-9381-62EDACCA8AD3}.Debug|Any CPU.Build.0 = Debug|Any CPU
		{DB6B268E-2E82-4182-9381-62EDACCA8AD3}.Release|Any CPU.ActiveCfg = Release|Any CPU
		{DB6B268E-2E82-4182-9381-62EDACCA8AD3}.Release|Any CPU.Build.0 = Release|Any CPU
	EndGlobalSection
	GlobalSection(SolutionProperties) = preSolution
		HideSolutionNode = FALSE
	EndGlobalSection
	GlobalSection(ExtensibilityGlobals) = postSolution
		SolutionGuid = {AE564F61-DF42-4291-A05A-C0A3941EEED6}
	EndGlobalSection
EndGlobal
